{
  "requires": true,
  "lockfileVersion": 1,
  "dependencies": {
    "simplelightbox": {
      "version": "2.1.2",
      "resolved": "https://registry.npmjs.org/simplelightbox/-/simplelightbox-2.1.2.tgz",
      "integrity": "sha512-9h/apZ0ta08DZu04Azpdf/t1EZjQVyENfstnaIiyG/NLuz2ptFDmhwrqbygQqJ7Kw5I6ghgUZCH1D4AW9rfXBA=="
    }
  }
}
